// !$*UTF8*$!
{
	archiveVersion = 1;
	classes = {
	};
	objectVersion = 50;
	objects = {

/* Begin PBXBuildFile section */
		2FDD0A79EC894353B67DDC33 /* Pods_Telephony_DirectoryUITests.framework in Frameworks */ = {isa = PBXBuildFile; fileRef = 369F8D2E256AC789C4D6A69A /* Pods_Telephony_DirectoryUITests.framework */; };
		5E29E530C05CDA7501023675 /* Pods_Telephony_DirectoryTests.framework in Frameworks */ = {isa = PBXBuildFile; fileRef = F43D98E30B1D4E3849789734 /* Pods_Telephony_DirectoryTests.framework */; };
		AE1CF94822EF6C38001B7105 /* AddViewController.swift in Sources */ = {isa = PBXBuildFile; fileRef = AE1CF94622EF6C38001B7105 /* AddViewController.swift */; };
		AE1CF94922EF6C38001B7105 /* AddViewModel.swift in Sources */ = {isa = PBXBuildFile; fileRef = AE1CF94722EF6C38001B7105 /* AddViewModel.swift */; };
		AE1CF94D22EF6EB9001B7105 /* AddTableViewCell.swift in Sources */ = {isa = PBXBuildFile; fileRef = AE1CF94B22EF6EB8001B7105 /* AddTableViewCell.swift */; };
		AE1CF94E22EF6EB9001B7105 /* AddTableViewCell.xib in Resources */ = {isa = PBXBuildFile; fileRef = AE1CF94C22EF6EB8001B7105 /* AddTableViewCell.xib */; };
		AE37F6F62199A708001787F6 /* AppDelegate.swift in Sources */ = {isa = PBXBuildFile; fileRef = AE37F6F52199A708001787F6 /* AppDelegate.swift */; };
		AE37F6FB2199A708001787F6 /* Main.storyboard in Resources */ = {isa = PBXBuildFile; fileRef = AE37F6F92199A708001787F6 /* Main.storyboard */; };
		AE37F6FD2199A709001787F6 /* Assets.xcassets in Resources */ = {isa = PBXBuildFile; fileRef = AE37F6FC2199A709001787F6 /* Assets.xcassets */; };
		AE37F7002199A709001787F6 /* LaunchScreen.storyboard in Resources */ = {isa = PBXBuildFile; fileRef = AE37F6FE2199A709001787F6 /* LaunchScreen.storyboard */; };
		AE37F70B2199A709001787F6 /* Telephony_DirectoryAPITests.swift in Sources */ = {isa = PBXBuildFile; fileRef = AE37F70A2199A709001787F6 /* Telephony_DirectoryAPITests.swift */; };
		AE37F7162199A709001787F6 /* Telephony_DirectoryUIITests.swift in Sources */ = {isa = PBXBuildFile; fileRef = AE37F7152199A709001787F6 /* Telephony_DirectoryUIITests.swift */; };
		AE502E9D22EED0CC00497B16 /* ViewType.swift in Sources */ = {isa = PBXBuildFile; fileRef = AE502E9C22EED0CC00497B16 /* ViewType.swift */; };
		AE502EA222EED66E00497B16 /* DetailTableViewCell.swift in Sources */ = {isa = PBXBuildFile; fileRef = AE502EA022EED66E00497B16 /* DetailTableViewCell.swift */; };
		AE502EA322EED66E00497B16 /* DetailTableViewCell.xib in Resources */ = {isa = PBXBuildFile; fileRef = AE502EA122EED66E00497B16 /* DetailTableViewCell.xib */; };
		AE5EC89422EE1E6E0001D6B7 /* DetailViewController.swift in Sources */ = {isa = PBXBuildFile; fileRef = AE5EC89322EE1E6E0001D6B7 /* DetailViewController.swift */; };
		AE5EC89622EE1EA10001D6B7 /* DetailViewModel.swift in Sources */ = {isa = PBXBuildFile; fileRef = AE5EC89522EE1EA00001D6B7 /* DetailViewModel.swift */; };
		AE5FBC1122ED96C800ECC727 /* UIImageView+Kingfisher.swift in Sources */ = {isa = PBXBuildFile; fileRef = AE5FBC1022ED96C800ECC727 /* UIImageView+Kingfisher.swift */; };
		AE5FBC1522EDACA700ECC727 /* ListTableViewCell.swift in Sources */ = {isa = PBXBuildFile; fileRef = AE5FBC1322EDACA700ECC727 /* ListTableViewCell.swift */; };
		AE5FBC1622EDACA700ECC727 /* ListTableViewCell.xib in Resources */ = {isa = PBXBuildFile; fileRef = AE5FBC1422EDACA700ECC727 /* ListTableViewCell.xib */; };
		AE5FBC1822EDB71700ECC727 /* Contact.swift in Sources */ = {isa = PBXBuildFile; fileRef = AE5FBC1722EDB71700ECC727 /* Contact.swift */; };
		AE6E302A22E59D4200EC5DE8 /* CanModifyResources.swift in Sources */ = {isa = PBXBuildFile; fileRef = AE6E302822E59D4200EC5DE8 /* CanModifyResources.swift */; };
		AE6E302B22E59D4200EC5DE8 /* CanModifyTableView.swift in Sources */ = {isa = PBXBuildFile; fileRef = AE6E302922E59D4200EC5DE8 /* CanModifyTableView.swift */; };
		AE6E302F22E5A5F600EC5DE8 /* ListViewController.swift in Sources */ = {isa = PBXBuildFile; fileRef = AE6E302E22E5A5F600EC5DE8 /* ListViewController.swift */; };
		AE6E303122E5A62D00EC5DE8 /* ListViewModel.swift in Sources */ = {isa = PBXBuildFile; fileRef = AE6E303022E5A62D00EC5DE8 /* ListViewModel.swift */; };
		AE6E303522E5A70C00EC5DE8 /* ListCellViewModel.swift in Sources */ = {isa = PBXBuildFile; fileRef = AE6E303422E5A70C00EC5DE8 /* ListCellViewModel.swift */; };
		AE6E303822E5AE7A00EC5DE8 /* ContactApi.swift in Sources */ = {isa = PBXBuildFile; fileRef = AE6E303722E5AE7A00EC5DE8 /* ContactApi.swift */; };
		AE6E303A22E5C72600EC5DE8 /* ContactApiClient.swift in Sources */ = {isa = PBXBuildFile; fileRef = AE6E303922E5C72600EC5DE8 /* ContactApiClient.swift */; };
		AE6E303D22E5C7C000EC5DE8 /* Contacts.swift in Sources */ = {isa = PBXBuildFile; fileRef = AE6E303C22E5C7C000EC5DE8 /* Contacts.swift */; };
		AE7FDD3322E6E26A00FA5182 /* String+NilIfEmpty.swift in Sources */ = {isa = PBXBuildFile; fileRef = AE7FDD3222E6E26A00FA5182 /* String+NilIfEmpty.swift */; };
		AE84135022E4952D006396B2 /* ListResourcesViewModel.swift in Sources */ = {isa = PBXBuildFile; fileRef = AE84134F22E4952D006396B2 /* ListResourcesViewModel.swift */; };
		AE84135422E49580006396B2 /* Resource.swift in Sources */ = {isa = PBXBuildFile; fileRef = AE84135322E49580006396B2 /* Resource.swift */; };
		AE84135622E495B2006396B2 /* ResourceCellViewModel.swift in Sources */ = {isa = PBXBuildFile; fileRef = AE84135522E495B2006396B2 /* ResourceCellViewModel.swift */; };
		AE84135822E4985E006396B2 /* Outcome.swift in Sources */ = {isa = PBXBuildFile; fileRef = AE84135722E4985E006396B2 /* Outcome.swift */; };
		AE84135E22E49D1F006396B2 /* ListResourcesViewController.swift in Sources */ = {isa = PBXBuildFile; fileRef = AE84135D22E49D1F006396B2 /* ListResourcesViewController.swift */; };
		AE84136222E49D75006396B2 /* ErrorView.swift in Sources */ = {isa = PBXBuildFile; fileRef = AE84136022E49D75006396B2 /* ErrorView.swift */; };
		AE84136322E49D75006396B2 /* LoadingView.swift in Sources */ = {isa = PBXBuildFile; fileRef = AE84136122E49D75006396B2 /* LoadingView.swift */; };
		AEA8312122F03A70005B15FA /* ContactTests.swift in Sources */ = {isa = PBXBuildFile; fileRef = AEA8312022F03A70005B15FA /* ContactTests.swift */; };
		AEA8312422F05BDA005B15FA /* MockContact.swift in Sources */ = {isa = PBXBuildFile; fileRef = AEA8312322F05BDA005B15FA /* MockContact.swift */; };
		AEA8312722F060A6005B15FA /* ListViewModelTests.swift in Sources */ = {isa = PBXBuildFile; fileRef = AEA8312622F060A6005B15FA /* ListViewModelTests.swift */; };
		AEA8312922F065E9005B15FA /* DetailViewModelTests.swift in Sources */ = {isa = PBXBuildFile; fileRef = AEA8312822F065E9005B15FA /* DetailViewModelTests.swift */; };
		AEA8312B22F06716005B15FA /* AddEditViewModelTests.swift in Sources */ = {isa = PBXBuildFile; fileRef = AEA8312A22F06715005B15FA /* AddEditViewModelTests.swift */; };
		AEA8312D22F07045005B15FA /* OnboardingUITests.swift in Sources */ = {isa = PBXBuildFile; fileRef = AEA8312C22F07045005B15FA /* OnboardingUITests.swift */; };
		AEA8312F22F0705A005B15FA /* XCUIApplication+Onboarding.swift in Sources */ = {isa = PBXBuildFile; fileRef = AEA8312E22F0705A005B15FA /* XCUIApplication+Onboarding.swift */; };
		E08C35C987AC6275E8F18456 /* Pods_Telephony_Directory.framework in Frameworks */ = {isa = PBXBuildFile; fileRef = 36B7310811FF5ACE74469CAE /* Pods_Telephony_Directory.framework */; };
/* End PBXBuildFile section */

/* Begin PBXContainerItemProxy section */
		AE37F7072199A709001787F6 /* PBXContainerItemProxy */ = {
			isa = PBXContainerItemProxy;
			containerPortal = AE37F6EA2199A708001787F6 /* Project object */;
			proxyType = 1;
			remoteGlobalIDString = AE37F6F12199A708001787F6;
			remoteInfo = NewsList;
		};
		AE37F7122199A709001787F6 /* PBXContainerItemProxy */ = {
			isa = PBXContainerItemProxy;
			containerPortal = AE37F6EA2199A708001787F6 /* Project object */;
			proxyType = 1;
			remoteGlobalIDString = AE37F6F12199A708001787F6;
			remoteInfo = NewsList;
		};
/* End PBXContainerItemProxy section */

/* Begin PBXFileReference section */
		0474174BAA12FEE9BD806FAF /* Pods-Project.debug.xcconfig */ = {isa = PBXFileReference; includeInIndex = 1; lastKnownFileType = text.xcconfig; name = "Pods-Project.debug.xcconfig"; path = "Pods/Target Support Files/Pods-Project/Pods-Project.debug.xcconfig"; sourceTree = "<group>"; };
		23FF4CCD677D4F180EEE15C9 /* Pods-ProjectUITests.release.xcconfig */ = {isa = PBXFileReference; includeInIndex = 1; lastKnownFileType = text.xcconfig; name = "Pods-ProjectUITests.release.xcconfig"; path = "Pods/Target Support Files/Pods-ProjectUITests/Pods-ProjectUITests.release.xcconfig"; sourceTree = "<group>"; };
		369F8D2E256AC789C4D6A69A /* Pods_Telephony_DirectoryUITests.framework */ = {isa = PBXFileReference; explicitFileType = wrapper.framework; includeInIndex = 0; path = Pods_Telephony_DirectoryUITests.framework; sourceTree = BUILT_PRODUCTS_DIR; };
		36B7310811FF5ACE74469CAE /* Pods_Telephony_Directory.framework */ = {isa = PBXFileReference; explicitFileType = wrapper.framework; includeInIndex = 0; path = Pods_Telephony_Directory.framework; sourceTree = BUILT_PRODUCTS_DIR; };
		5000EC559C039CAC0F7760AA /* Pods-ProjectTests.debug.xcconfig */ = {isa = PBXFileReference; includeInIndex = 1; lastKnownFileType = text.xcconfig; name = "Pods-ProjectTests.debug.xcconfig"; path = "Pods/Target Support Files/Pods-ProjectTests/Pods-ProjectTests.debug.xcconfig"; sourceTree = "<group>"; };
		52E27D8C0725DB8803470F99 /* Pods-Telephony-Directory.debug.xcconfig */ = {isa = PBXFileReference; includeInIndex = 1; lastKnownFileType = text.xcconfig; name = "Pods-Telephony-Directory.debug.xcconfig"; path = "Pods/Target Support Files/Pods-Telephony-Directory/Pods-Telephony-Directory.debug.xcconfig"; sourceTree = "<group>"; };
		596CCDCEC0B95CE876766808 /* Pods-Telephony-DirectoryUITests.release.xcconfig */ = {isa = PBXFileReference; includeInIndex = 1; lastKnownFileType = text.xcconfig; name = "Pods-Telephony-DirectoryUITests.release.xcconfig"; path = "Pods/Target Support Files/Pods-Telephony-DirectoryUITests/Pods-Telephony-DirectoryUITests.release.xcconfig"; sourceTree = "<group>"; };
		7EA62878645CA04C1D6D20B0 /* Pods-Telephony-DirectoryTests.release.xcconfig */ = {isa = PBXFileReference; includeInIndex = 1; lastKnownFileType = text.xcconfig; name = "Pods-Telephony-DirectoryTests.release.xcconfig"; path = "Pods/Target Support Files/Pods-Telephony-DirectoryTests/Pods-Telephony-DirectoryTests.release.xcconfig"; sourceTree = "<group>"; };
		9D2A8D922892F811EE0A491F /* Pods-Telephony-DirectoryUITests.debug.xcconfig */ = {isa = PBXFileReference; includeInIndex = 1; lastKnownFileType = text.xcconfig; name = "Pods-Telephony-DirectoryUITests.debug.xcconfig"; path = "Pods/Target Support Files/Pods-Telephony-DirectoryUITests/Pods-Telephony-DirectoryUITests.debug.xcconfig"; sourceTree = "<group>"; };
		AB56644E65AD3F14E4DD2202 /* Pods-ProjectUITests.debug.xcconfig */ = {isa = PBXFileReference; includeInIndex = 1; lastKnownFileType = text.xcconfig; name = "Pods-ProjectUITests.debug.xcconfig"; path = "Pods/Target Support Files/Pods-ProjectUITests/Pods-ProjectUITests.debug.xcconfig"; sourceTree = "<group>"; };
		AE1CF94622EF6C38001B7105 /* AddViewController.swift */ = {isa = PBXFileReference; fileEncoding = 4; lastKnownFileType = sourcecode.swift; path = AddViewController.swift; sourceTree = "<group>"; };
		AE1CF94722EF6C38001B7105 /* AddViewModel.swift */ = {isa = PBXFileReference; fileEncoding = 4; lastKnownFileType = sourcecode.swift; path = AddViewModel.swift; sourceTree = "<group>"; };
		AE1CF94B22EF6EB8001B7105 /* AddTableViewCell.swift */ = {isa = PBXFileReference; fileEncoding = 4; lastKnownFileType = sourcecode.swift; path = AddTableViewCell.swift; sourceTree = "<group>"; };
		AE1CF94C22EF6EB8001B7105 /* AddTableViewCell.xib */ = {isa = PBXFileReference; fileEncoding = 4; lastKnownFileType = file.xib; path = AddTableViewCell.xib; sourceTree = "<group>"; };
		AE37F6F22199A708001787F6 /* Telephony-Directory.app */ = {isa = PBXFileReference; explicitFileType = wrapper.application; includeInIndex = 0; path = "Telephony-Directory.app"; sourceTree = BUILT_PRODUCTS_DIR; };
		AE37F6F52199A708001787F6 /* AppDelegate.swift */ = {isa = PBXFileReference; lastKnownFileType = sourcecode.swift; path = AppDelegate.swift; sourceTree = "<group>"; };
		AE37F6FA2199A708001787F6 /* Base */ = {isa = PBXFileReference; lastKnownFileType = file.storyboard; name = Base; path = Base.lproj/Main.storyboard; sourceTree = "<group>"; };
		AE37F6FC2199A709001787F6 /* Assets.xcassets */ = {isa = PBXFileReference; lastKnownFileType = folder.assetcatalog; path = Assets.xcassets; sourceTree = "<group>"; };
		AE37F6FF2199A709001787F6 /* Base */ = {isa = PBXFileReference; lastKnownFileType = file.storyboard; name = Base; path = Base.lproj/LaunchScreen.storyboard; sourceTree = "<group>"; };
		AE37F7012199A709001787F6 /* Info.plist */ = {isa = PBXFileReference; lastKnownFileType = text.plist.xml; path = Info.plist; sourceTree = "<group>"; };
		AE37F7062199A709001787F6 /* Telephony-DirectoryTests.xctest */ = {isa = PBXFileReference; explicitFileType = wrapper.cfbundle; includeInIndex = 0; path = "Telephony-DirectoryTests.xctest"; sourceTree = BUILT_PRODUCTS_DIR; };
		AE37F70A2199A709001787F6 /* Telephony_DirectoryAPITests.swift */ = {isa = PBXFileReference; lastKnownFileType = sourcecode.swift; path = Telephony_DirectoryAPITests.swift; sourceTree = "<group>"; };
		AE37F70C2199A709001787F6 /* Info.plist */ = {isa = PBXFileReference; lastKnownFileType = text.plist.xml; path = Info.plist; sourceTree = "<group>"; };
		AE37F7112199A709001787F6 /* Telephony-DirectoryUITests.xctest */ = {isa = PBXFileReference; explicitFileType = wrapper.cfbundle; includeInIndex = 0; path = "Telephony-DirectoryUITests.xctest"; sourceTree = BUILT_PRODUCTS_DIR; };
		AE37F7152199A709001787F6 /* Telephony_DirectoryUIITests.swift */ = {isa = PBXFileReference; lastKnownFileType = sourcecode.swift; path = Telephony_DirectoryUIITests.swift; sourceTree = "<group>"; };
		AE37F7172199A709001787F6 /* Info.plist */ = {isa = PBXFileReference; lastKnownFileType = text.plist.xml; path = Info.plist; sourceTree = "<group>"; };
		AE502E9C22EED0CC00497B16 /* ViewType.swift */ = {isa = PBXFileReference; fileEncoding = 4; lastKnownFileType = sourcecode.swift; path = ViewType.swift; sourceTree = "<group>"; };
		AE502EA022EED66E00497B16 /* DetailTableViewCell.swift */ = {isa = PBXFileReference; fileEncoding = 4; lastKnownFileType = sourcecode.swift; path = DetailTableViewCell.swift; sourceTree = "<group>"; };
		AE502EA122EED66E00497B16 /* DetailTableViewCell.xib */ = {isa = PBXFileReference; fileEncoding = 4; lastKnownFileType = file.xib; path = DetailTableViewCell.xib; sourceTree = "<group>"; };
		AE5EC89322EE1E6E0001D6B7 /* DetailViewController.swift */ = {isa = PBXFileReference; fileEncoding = 4; lastKnownFileType = sourcecode.swift; path = DetailViewController.swift; sourceTree = "<group>"; };
		AE5EC89522EE1EA00001D6B7 /* DetailViewModel.swift */ = {isa = PBXFileReference; fileEncoding = 4; lastKnownFileType = sourcecode.swift; path = DetailViewModel.swift; sourceTree = "<group>"; };
		AE5FBC1022ED96C800ECC727 /* UIImageView+Kingfisher.swift */ = {isa = PBXFileReference; fileEncoding = 4; lastKnownFileType = sourcecode.swift; path = "UIImageView+Kingfisher.swift"; sourceTree = "<group>"; };
		AE5FBC1322EDACA700ECC727 /* ListTableViewCell.swift */ = {isa = PBXFileReference; lastKnownFileType = sourcecode.swift; path = ListTableViewCell.swift; sourceTree = "<group>"; };
		AE5FBC1422EDACA700ECC727 /* ListTableViewCell.xib */ = {isa = PBXFileReference; lastKnownFileType = file.xib; path = ListTableViewCell.xib; sourceTree = "<group>"; };
		AE5FBC1722EDB71700ECC727 /* Contact.swift */ = {isa = PBXFileReference; fileEncoding = 4; lastKnownFileType = sourcecode.swift; path = Contact.swift; sourceTree = "<group>"; };
		AE6E302822E59D4200EC5DE8 /* CanModifyResources.swift */ = {isa = PBXFileReference; fileEncoding = 4; lastKnownFileType = sourcecode.swift; path = CanModifyResources.swift; sourceTree = "<group>"; };
		AE6E302922E59D4200EC5DE8 /* CanModifyTableView.swift */ = {isa = PBXFileReference; fileEncoding = 4; lastKnownFileType = sourcecode.swift; path = CanModifyTableView.swift; sourceTree = "<group>"; };
		AE6E302E22E5A5F600EC5DE8 /* ListViewController.swift */ = {isa = PBXFileReference; lastKnownFileType = sourcecode.swift; path = ListViewController.swift; sourceTree = "<group>"; };
		AE6E303022E5A62D00EC5DE8 /* ListViewModel.swift */ = {isa = PBXFileReference; fileEncoding = 4; lastKnownFileType = sourcecode.swift; path = ListViewModel.swift; sourceTree = "<group>"; };
		AE6E303422E5A70C00EC5DE8 /* ListCellViewModel.swift */ = {isa = PBXFileReference; fileEncoding = 4; lastKnownFileType = sourcecode.swift; path = ListCellViewModel.swift; sourceTree = "<group>"; };
		AE6E303722E5AE7A00EC5DE8 /* ContactApi.swift */ = {isa = PBXFileReference; fileEncoding = 4; lastKnownFileType = sourcecode.swift; path = ContactApi.swift; sourceTree = "<group>"; };
		AE6E303922E5C72600EC5DE8 /* ContactApiClient.swift */ = {isa = PBXFileReference; fileEncoding = 4; lastKnownFileType = sourcecode.swift; path = ContactApiClient.swift; sourceTree = "<group>"; };
		AE6E303C22E5C7C000EC5DE8 /* Contacts.swift */ = {isa = PBXFileReference; fileEncoding = 4; lastKnownFileType = sourcecode.swift; path = Contacts.swift; sourceTree = "<group>"; };
		AE7FDD3222E6E26A00FA5182 /* String+NilIfEmpty.swift */ = {isa = PBXFileReference; fileEncoding = 4; lastKnownFileType = sourcecode.swift; path = "String+NilIfEmpty.swift"; sourceTree = "<group>"; };
		AE84134F22E4952D006396B2 /* ListResourcesViewModel.swift */ = {isa = PBXFileReference; lastKnownFileType = sourcecode.swift; path = ListResourcesViewModel.swift; sourceTree = "<group>"; };
		AE84135322E49580006396B2 /* Resource.swift */ = {isa = PBXFileReference; fileEncoding = 4; lastKnownFileType = sourcecode.swift; path = Resource.swift; sourceTree = "<group>"; };
		AE84135522E495B2006396B2 /* ResourceCellViewModel.swift */ = {isa = PBXFileReference; fileEncoding = 4; lastKnownFileType = sourcecode.swift; path = ResourceCellViewModel.swift; sourceTree = "<group>"; };
		AE84135722E4985E006396B2 /* Outcome.swift */ = {isa = PBXFileReference; fileEncoding = 4; lastKnownFileType = sourcecode.swift; path = Outcome.swift; sourceTree = "<group>"; };
		AE84135D22E49D1F006396B2 /* ListResourcesViewController.swift */ = {isa = PBXFileReference; fileEncoding = 4; lastKnownFileType = sourcecode.swift; path = ListResourcesViewController.swift; sourceTree = "<group>"; };
		AE84136022E49D75006396B2 /* ErrorView.swift */ = {isa = PBXFileReference; fileEncoding = 4; lastKnownFileType = sourcecode.swift; path = ErrorView.swift; sourceTree = "<group>"; };
		AE84136122E49D75006396B2 /* LoadingView.swift */ = {isa = PBXFileReference; fileEncoding = 4; lastKnownFileType = sourcecode.swift; path = LoadingView.swift; sourceTree = "<group>"; };
		AEA8312022F03A70005B15FA /* ContactTests.swift */ = {isa = PBXFileReference; fileEncoding = 4; lastKnownFileType = sourcecode.swift; path = ContactTests.swift; sourceTree = "<group>"; };
		AEA8312322F05BDA005B15FA /* MockContact.swift */ = {isa = PBXFileReference; fileEncoding = 4; lastKnownFileType = sourcecode.swift; path = MockContact.swift; sourceTree = "<group>"; };
		AEA8312622F060A6005B15FA /* ListViewModelTests.swift */ = {isa = PBXFileReference; fileEncoding = 4; lastKnownFileType = sourcecode.swift; path = ListViewModelTests.swift; sourceTree = "<group>"; };
		AEA8312822F065E9005B15FA /* DetailViewModelTests.swift */ = {isa = PBXFileReference; fileEncoding = 4; lastKnownFileType = sourcecode.swift; path = DetailViewModelTests.swift; sourceTree = "<group>"; };
		AEA8312A22F06715005B15FA /* AddEditViewModelTests.swift */ = {isa = PBXFileReference; fileEncoding = 4; lastKnownFileType = sourcecode.swift; path = AddEditViewModelTests.swift; sourceTree = "<group>"; };
		AEA8312C22F07045005B15FA /* OnboardingUITests.swift */ = {isa = PBXFileReference; fileEncoding = 4; lastKnownFileType = sourcecode.swift; path = OnboardingUITests.swift; sourceTree = "<group>"; };
		AEA8312E22F0705A005B15FA /* XCUIApplication+Onboarding.swift */ = {isa = PBXFileReference; fileEncoding = 4; lastKnownFileType = sourcecode.swift; path = "XCUIApplication+Onboarding.swift"; sourceTree = "<group>"; };
		B032160A2B1EC4B4C9E3BEB9 /* Pods-Telephony-DirectoryTests.debug.xcconfig */ = {isa = PBXFileReference; includeInIndex = 1; lastKnownFileType = text.xcconfig; name = "Pods-Telephony-DirectoryTests.debug.xcconfig"; path = "Pods/Target Support Files/Pods-Telephony-DirectoryTests/Pods-Telephony-DirectoryTests.debug.xcconfig"; sourceTree = "<group>"; };
		BBE22AA3B3C03EE72116547F /* Pods-Project.release.xcconfig */ = {isa = PBXFileReference; includeInIndex = 1; lastKnownFileType = text.xcconfig; name = "Pods-Project.release.xcconfig"; path = "Pods/Target Support Files/Pods-Project/Pods-Project.release.xcconfig"; sourceTree = "<group>"; };
		BC61F19BA225319F8C7467CD /* Pods-ProjectTests.release.xcconfig */ = {isa = PBXFileReference; includeInIndex = 1; lastKnownFileType = text.xcconfig; name = "Pods-ProjectTests.release.xcconfig"; path = "Pods/Target Support Files/Pods-ProjectTests/Pods-ProjectTests.release.xcconfig"; sourceTree = "<group>"; };
		F43D98E30B1D4E3849789734 /* Pods_Telephony_DirectoryTests.framework */ = {isa = PBXFileReference; explicitFileType = wrapper.framework; includeInIndex = 0; path = Pods_Telephony_DirectoryTests.framework; sourceTree = BUILT_PRODUCTS_DIR; };
		F7F954C18D9BBB9730543D35 /* Pods-Telephony-Directory.release.xcconfig */ = {isa = PBXFileReference; includeInIndex = 1; lastKnownFileType = text.xcconfig; name = "Pods-Telephony-Directory.release.xcconfig"; path = "Pods/Target Support Files/Pods-Telephony-Directory/Pods-Telephony-Directory.release.xcconfig"; sourceTree = "<group>"; };
/* End PBXFileReference section */

/* Begin PBXFrameworksBuildPhase section */
		AE37F6EF2199A708001787F6 /* Frameworks */ = {
			isa = PBXFrameworksBuildPhase;
			buildActionMask = 2147483647;
			files = (
				E08C35C987AC6275E8F18456 /* Pods_Telephony_Directory.framework in Frameworks */,
			);
			runOnlyForDeploymentPostprocessing = 0;
		};
		AE37F7032199A709001787F6 /* Frameworks */ = {
			isa = PBXFrameworksBuildPhase;
			buildActionMask = 2147483647;
			files = (
				5E29E530C05CDA7501023675 /* Pods_Telephony_DirectoryTests.framework in Frameworks */,
			);
			runOnlyForDeploymentPostprocessing = 0;
		};
		AE37F70E2199A709001787F6 /* Frameworks */ = {
			isa = PBXFrameworksBuildPhase;
			buildActionMask = 2147483647;
			files = (
				2FDD0A79EC894353B67DDC33 /* Pods_Telephony_DirectoryUITests.framework in Frameworks */,
			);
			runOnlyForDeploymentPostprocessing = 0;
		};
/* End PBXFrameworksBuildPhase section */

/* Begin PBXGroup section */
		3B2B63516AEBA17A002DCC59 /* Frameworks */ = {
			isa = PBXGroup;
			children = (
				36B7310811FF5ACE74469CAE /* Pods_Telephony_Directory.framework */,
				F43D98E30B1D4E3849789734 /* Pods_Telephony_DirectoryTests.framework */,
				369F8D2E256AC789C4D6A69A /* Pods_Telephony_DirectoryUITests.framework */,
			);
			name = Frameworks;
			sourceTree = "<group>";
		};
		73C30BB412CB38B58543A88D /* Pods */ = {
			isa = PBXGroup;
			children = (
				0474174BAA12FEE9BD806FAF /* Pods-Project.debug.xcconfig */,
				BBE22AA3B3C03EE72116547F /* Pods-Project.release.xcconfig */,
				5000EC559C039CAC0F7760AA /* Pods-ProjectTests.debug.xcconfig */,
				BC61F19BA225319F8C7467CD /* Pods-ProjectTests.release.xcconfig */,
				AB56644E65AD3F14E4DD2202 /* Pods-ProjectUITests.debug.xcconfig */,
				23FF4CCD677D4F180EEE15C9 /* Pods-ProjectUITests.release.xcconfig */,
				52E27D8C0725DB8803470F99 /* Pods-Telephony-Directory.debug.xcconfig */,
				F7F954C18D9BBB9730543D35 /* Pods-Telephony-Directory.release.xcconfig */,
				B032160A2B1EC4B4C9E3BEB9 /* Pods-Telephony-DirectoryTests.debug.xcconfig */,
				7EA62878645CA04C1D6D20B0 /* Pods-Telephony-DirectoryTests.release.xcconfig */,
				9D2A8D922892F811EE0A491F /* Pods-Telephony-DirectoryUITests.debug.xcconfig */,
				596CCDCEC0B95CE876766808 /* Pods-Telephony-DirectoryUITests.release.xcconfig */,
			);
			name = Pods;
			sourceTree = "<group>";
		};
		AE1CF94522EF6C2C001B7105 /* Add */ = {
			isa = PBXGroup;
			children = (
				AE1CF94622EF6C38001B7105 /* AddViewController.swift */,
				AE1CF94722EF6C38001B7105 /* AddViewModel.swift */,
				AE1CF94A22EF6EB0001B7105 /* View */,
			);
			path = Add;
			sourceTree = "<group>";
		};
		AE1CF94A22EF6EB0001B7105 /* View */ = {
			isa = PBXGroup;
			children = (
				AE1CF94B22EF6EB8001B7105 /* AddTableViewCell.swift */,
				AE1CF94C22EF6EB8001B7105 /* AddTableViewCell.xib */,
			);
			path = View;
			sourceTree = "<group>";
		};
		AE37F6E92199A708001787F6 = {
			isa = PBXGroup;
			children = (
				AE37F6F42199A708001787F6 /* Telephony-Directory */,
				AE37F7092199A709001787F6 /* Telephony-DirectoryTests */,
				AE37F7142199A709001787F6 /* Telephony-DirectoryUITests */,
				AE37F6F32199A708001787F6 /* Products */,
				73C30BB412CB38B58543A88D /* Pods */,
				3B2B63516AEBA17A002DCC59 /* Frameworks */,
			);
			sourceTree = "<group>";
		};
		AE37F6F32199A708001787F6 /* Products */ = {
			isa = PBXGroup;
			children = (
				AE37F6F22199A708001787F6 /* Telephony-Directory.app */,
				AE37F7062199A709001787F6 /* Telephony-DirectoryTests.xctest */,
				AE37F7112199A709001787F6 /* Telephony-DirectoryUITests.xctest */,
			);
			name = Products;
			sourceTree = "<group>";
		};
		AE37F6F42199A708001787F6 /* Telephony-Directory */ = {
			isa = PBXGroup;
			children = (
				AE37F6F52199A708001787F6 /* AppDelegate.swift */,
				AE1CF94522EF6C2C001B7105 /* Add */,
				AE5EC89222EE1B210001D6B7 /* Detail */,
				AE6E302722E59D3300EC5DE8 /* List */,
				AE84135C22E49CDF006396B2 /* Common */,
				AE6E303622E5AE2C00EC5DE8 /* API */,
				AE37F6F92199A708001787F6 /* Main.storyboard */,
				AE37F6FC2199A709001787F6 /* Assets.xcassets */,
				AE37F6FE2199A709001787F6 /* LaunchScreen.storyboard */,
				AE37F7012199A709001787F6 /* Info.plist */,
			);
			path = "Telephony-Directory";
			sourceTree = "<group>";
		};
		AE37F7092199A709001787F6 /* Telephony-DirectoryTests */ = {
			isa = PBXGroup;
			children = (
				AEA8312522F05D3F005B15FA /* ViewModel */,
				AEA8312222F05BB5005B15FA /* Mock */,
				AEA8311F22F03A3D005B15FA /* Model */,
				AEA8311E22F03A2E005B15FA /* Integration */,
				AE37F70C2199A709001787F6 /* Info.plist */,
			);
			path = "Telephony-DirectoryTests";
			sourceTree = "<group>";
		};
		AE37F7142199A709001787F6 /* Telephony-DirectoryUITests */ = {
			isa = PBXGroup;
			children = (
				AEA8312E22F0705A005B15FA /* XCUIApplication+Onboarding.swift */,
				AEA8312C22F07045005B15FA /* OnboardingUITests.swift */,
				AE37F7152199A709001787F6 /* Telephony_DirectoryUIITests.swift */,
				AE37F7172199A709001787F6 /* Info.plist */,
			);
			path = "Telephony-DirectoryUITests";
			sourceTree = "<group>";
		};
		AE502E9E22EED12800497B16 /* Type */ = {
			isa = PBXGroup;
			children = (
				AE502E9C22EED0CC00497B16 /* ViewType.swift */,
			);
			path = Type;
			sourceTree = "<group>";
		};
		AE502E9F22EED5FC00497B16 /* View */ = {
			isa = PBXGroup;
			children = (
				AE502EA022EED66E00497B16 /* DetailTableViewCell.swift */,
				AE502EA122EED66E00497B16 /* DetailTableViewCell.xib */,
			);
			path = View;
			sourceTree = "<group>";
		};
		AE5EC89222EE1B210001D6B7 /* Detail */ = {
			isa = PBXGroup;
			children = (
				AE5EC89322EE1E6E0001D6B7 /* DetailViewController.swift */,
				AE5EC89522EE1EA00001D6B7 /* DetailViewModel.swift */,
				AE502E9F22EED5FC00497B16 /* View */,
			);
			path = Detail;
			sourceTree = "<group>";
		};
		AE6E302722E59D3300EC5DE8 /* List */ = {
			isa = PBXGroup;
			children = (
				AE6E302E22E5A5F600EC5DE8 /* ListViewController.swift */,
				AE6E303022E5A62D00EC5DE8 /* ListViewModel.swift */,
				AE6E303422E5A70C00EC5DE8 /* ListCellViewModel.swift */,
				AE6E302D22E5A0EC00EC5DE8 /* Resources */,
			);
			path = List;
			sourceTree = "<group>";
		};
		AE6E302C22E59D4500EC5DE8 /* Protocols */ = {
			isa = PBXGroup;
			children = (
				AE6E302822E59D4200EC5DE8 /* CanModifyResources.swift */,
				AE6E302922E59D4200EC5DE8 /* CanModifyTableView.swift */,
			);
			path = Protocols;
			sourceTree = "<group>";
		};
		AE6E302D22E5A0EC00EC5DE8 /* Resources */ = {
			isa = PBXGroup;
			children = (
				AE6E302C22E59D4500EC5DE8 /* Protocols */,
			);
			path = Resources;
			sourceTree = "<group>";
		};
		AE6E303622E5AE2C00EC5DE8 /* API */ = {
			isa = PBXGroup;
			children = (
				AE6E303922E5C72600EC5DE8 /* ContactApiClient.swift */,
				AE6E303722E5AE7A00EC5DE8 /* ContactApi.swift */,
				AE7FDD3122E6E25A00FA5182 /* Extensions */,
				AE6E303B22E5C7B200EC5DE8 /* Providers */,
				AE84135222E49573006396B2 /* Model */,
			);
			path = API;
			sourceTree = "<group>";
		};
		AE6E303B22E5C7B200EC5DE8 /* Providers */ = {
			isa = PBXGroup;
			children = (
				AE6E303C22E5C7C000EC5DE8 /* Contacts.swift */,
			);
			path = Providers;
			sourceTree = "<group>";
		};
		AE7FDD3122E6E25A00FA5182 /* Extensions */ = {
			isa = PBXGroup;
			children = (
				AE5FBC1022ED96C800ECC727 /* UIImageView+Kingfisher.swift */,
				AE7FDD3222E6E26A00FA5182 /* String+NilIfEmpty.swift */,
			);
			path = Extensions;
			sourceTree = "<group>";
		};
		AE84135122E49533006396B2 /* Protocol */ = {
			isa = PBXGroup;
			children = (
				AE502E9E22EED12800497B16 /* Type */,
				AE84135D22E49D1F006396B2 /* ListResourcesViewController.swift */,
				AE84134F22E4952D006396B2 /* ListResourcesViewModel.swift */,
				AE84135522E495B2006396B2 /* ResourceCellViewModel.swift */,
			);
			path = Protocol;
			sourceTree = "<group>";
		};
		AE84135222E49573006396B2 /* Model */ = {
			isa = PBXGroup;
			children = (
				AE84135922E49862006396B2 /* BusinessEntities */,
				AE84135B22E4988E006396B2 /* APIEntities */,
			);
			path = Model;
			sourceTree = "<group>";
		};
		AE84135922E49862006396B2 /* BusinessEntities */ = {
			isa = PBXGroup;
			children = (
				AE5FBC1722EDB71700ECC727 /* Contact.swift */,
				AE84135A22E4987B006396B2 /* Protocols */,
			);
			path = BusinessEntities;
			sourceTree = "<group>";
		};
		AE84135A22E4987B006396B2 /* Protocols */ = {
			isa = PBXGroup;
			children = (
				AE84135322E49580006396B2 /* Resource.swift */,
			);
			path = Protocols;
			sourceTree = "<group>";
		};
		AE84135B22E4988E006396B2 /* APIEntities */ = {
			isa = PBXGroup;
			children = (
				AE84135722E4985E006396B2 /* Outcome.swift */,
			);
			path = APIEntities;
			sourceTree = "<group>";
		};
		AE84135C22E49CDF006396B2 /* Common */ = {
			isa = PBXGroup;
			children = (
				AE84135F22E49D3E006396B2 /* View */,
				AE84135122E49533006396B2 /* Protocol */,
			);
			path = Common;
			sourceTree = "<group>";
		};
		AE84135F22E49D3E006396B2 /* View */ = {
			isa = PBXGroup;
			children = (
				AE5FBC1322EDACA700ECC727 /* ListTableViewCell.swift */,
				AE5FBC1422EDACA700ECC727 /* ListTableViewCell.xib */,
				AE84136022E49D75006396B2 /* ErrorView.swift */,
				AE84136122E49D75006396B2 /* LoadingView.swift */,
			);
			path = View;
			sourceTree = "<group>";
		};
		AEA8311E22F03A2E005B15FA /* Integration */ = {
			isa = PBXGroup;
			children = (
				AE37F70A2199A709001787F6 /* Telephony_DirectoryAPITests.swift */,
			);
			path = Integration;
			sourceTree = "<group>";
		};
		AEA8311F22F03A3D005B15FA /* Model */ = {
			isa = PBXGroup;
			children = (
				AEA8312022F03A70005B15FA /* ContactTests.swift */,
			);
			path = Model;
			sourceTree = "<group>";
		};
		AEA8312222F05BB5005B15FA /* Mock */ = {
			isa = PBXGroup;
			children = (
				AEA8312322F05BDA005B15FA /* MockContact.swift */,
			);
			path = Mock;
			sourceTree = "<group>";
		};
		AEA8312522F05D3F005B15FA /* ViewModel */ = {
			isa = PBXGroup;
			children = (
				AEA8312A22F06715005B15FA /* AddEditViewModelTests.swift */,
				AEA8312822F065E9005B15FA /* DetailViewModelTests.swift */,
				AEA8312622F060A6005B15FA /* ListViewModelTests.swift */,
			);
			path = ViewModel;
			sourceTree = "<group>";
		};
/* End PBXGroup section */

/* Begin PBXNativeTarget section */
		AE37F6F12199A708001787F6 /* Telephony-Directory */ = {
			isa = PBXNativeTarget;
			buildConfigurationList = AE37F71A2199A709001787F6 /* Build configuration list for PBXNativeTarget "Telephony-Directory" */;
			buildPhases = (
				76CF5A72A441CF27BFE22099 /* [CP] Check Pods Manifest.lock */,
				AE37F6EE2199A708001787F6 /* Sources */,
				AE37F6EF2199A708001787F6 /* Frameworks */,
				AE37F6F02199A708001787F6 /* Resources */,
				6DDFE4474AB805BE5AD01DF2 /* [CP] Embed Pods Frameworks */,
			);
			buildRules = (
			);
			dependencies = (
			);
			name = "Telephony-Directory";
			productName = NewsList;
			productReference = AE37F6F22199A708001787F6 /* Telephony-Directory.app */;
			productType = "com.apple.product-type.application";
		};
		AE37F7052199A709001787F6 /* Telephony-DirectoryTests */ = {
			isa = PBXNativeTarget;
			buildConfigurationList = AE37F71D2199A709001787F6 /* Build configuration list for PBXNativeTarget "Telephony-DirectoryTests" */;
			buildPhases = (
				EA9EB37745FEE34446171ECE /* [CP] Check Pods Manifest.lock */,
				AE37F7022199A709001787F6 /* Sources */,
				AE37F7032199A709001787F6 /* Frameworks */,
				AE37F7042199A709001787F6 /* Resources */,
			);
			buildRules = (
			);
			dependencies = (
				AE37F7082199A709001787F6 /* PBXTargetDependency */,
			);
			name = "Telephony-DirectoryTests";
			productName = NewsListTests;
			productReference = AE37F7062199A709001787F6 /* Telephony-DirectoryTests.xctest */;
			productType = "com.apple.product-type.bundle.unit-test";
		};
		AE37F7102199A709001787F6 /* Telephony-DirectoryUITests */ = {
			isa = PBXNativeTarget;
			buildConfigurationList = AE37F7202199A709001787F6 /* Build configuration list for PBXNativeTarget "Telephony-DirectoryUITests" */;
			buildPhases = (
				83D73584A3062CD07C5A79A8 /* [CP] Check Pods Manifest.lock */,
				AE37F70D2199A709001787F6 /* Sources */,
				AE37F70E2199A709001787F6 /* Frameworks */,
				AE37F70F2199A709001787F6 /* Resources */,
			);
			buildRules = (
			);
			dependencies = (
				AE37F7132199A709001787F6 /* PBXTargetDependency */,
			);
			name = "Telephony-DirectoryUITests";
			productName = NewsListUITests;
			productReference = AE37F7112199A709001787F6 /* Telephony-DirectoryUITests.xctest */;
			productType = "com.apple.product-type.bundle.ui-testing";
		};
/* End PBXNativeTarget section */

/* Begin PBXProject section */
		AE37F6EA2199A708001787F6 /* Project object */ = {
			isa = PBXProject;
			attributes = {
				LastSwiftUpdateCheck = 1000;
				LastUpgradeCheck = 1000;
				ORGANIZATIONNAME = "Rathish Kannan";
				TargetAttributes = {
					AE37F6F12199A708001787F6 = {
						CreatedOnToolsVersion = 10.0;
					};
					AE37F7052199A709001787F6 = {
						CreatedOnToolsVersion = 10.0;
						TestTargetID = AE37F6F12199A708001787F6;
					};
					AE37F7102199A709001787F6 = {
						CreatedOnToolsVersion = 10.0;
						TestTargetID = AE37F6F12199A708001787F6;
					};
				};
			};
			buildConfigurationList = AE37F6ED2199A708001787F6 /* Build configuration list for PBXProject "Telephony-Directory" */;
			compatibilityVersion = "Xcode 9.3";
			developmentRegion = en;
			hasScannedForEncodings = 0;
			knownRegions = (
				en,
				Base,
			);
			mainGroup = AE37F6E92199A708001787F6;
			productRefGroup = AE37F6F32199A708001787F6 /* Products */;
			projectDirPath = "";
			projectRoot = "";
			targets = (
				AE37F6F12199A708001787F6 /* Telephony-Directory */,
				AE37F7052199A709001787F6 /* Telephony-DirectoryTests */,
				AE37F7102199A709001787F6 /* Telephony-DirectoryUITests */,
			);
		};
/* End PBXProject section */

/* Begin PBXResourcesBuildPhase section */
		AE37F6F02199A708001787F6 /* Resources */ = {
			isa = PBXResourcesBuildPhase;
			buildActionMask = 2147483647;
			files = (
				AE37F7002199A709001787F6 /* LaunchScreen.storyboard in Resources */,
				AE37F6FD2199A709001787F6 /* Assets.xcassets in Resources */,
				AE37F6FB2199A708001787F6 /* Main.storyboard in Resources */,
				AE1CF94E22EF6EB9001B7105 /* AddTableViewCell.xib in Resources */,
				AE5FBC1622EDACA700ECC727 /* ListTableViewCell.xib in Resources */,
				AE502EA322EED66E00497B16 /* DetailTableViewCell.xib in Resources */,
			);
			runOnlyForDeploymentPostprocessing = 0;
		};
		AE37F7042199A709001787F6 /* Resources */ = {
			isa = PBXResourcesBuildPhase;
			buildActionMask = 2147483647;
			files = (
			);
			runOnlyForDeploymentPostprocessing = 0;
		};
		AE37F70F2199A709001787F6 /* Resources */ = {
			isa = PBXResourcesBuildPhase;
			buildActionMask = 2147483647;
			files = (
			);
			runOnlyForDeploymentPostprocessing = 0;
		};
/* End PBXResourcesBuildPhase section */

/* Begin PBXShellScriptBuildPhase section */
		6DDFE4474AB805BE5AD01DF2 /* [CP] Embed Pods Frameworks */ = {
			isa = PBXShellScriptBuildPhase;
			buildActionMask = 2147483647;
			files = (
			);
			inputFileListPaths = (
			);
			inputPaths = (
				"${SRCROOT}/Pods/Target Support Files/Pods-Telephony-Directory/Pods-Telephony-Directory-frameworks.sh",
				"${BUILT_PRODUCTS_DIR}/Alamofire/Alamofire.framework",
				"${BUILT_PRODUCTS_DIR}/Kingfisher/Kingfisher.framework",
				"${BUILT_PRODUCTS_DIR}/Moya/Moya.framework",
				"${BUILT_PRODUCTS_DIR}/Result/Result.framework",
				"${BUILT_PRODUCTS_DIR}/RxCocoa/RxCocoa.framework",
				"${BUILT_PRODUCTS_DIR}/RxRelay/RxRelay.framework",
				"${BUILT_PRODUCTS_DIR}/RxSwift/RxSwift.framework",
				"${BUILT_PRODUCTS_DIR}/SnapKit/SnapKit.framework",
			);
			name = "[CP] Embed Pods Frameworks";
			outputFileListPaths = (
			);
			outputPaths = (
				"${TARGET_BUILD_DIR}/${FRAMEWORKS_FOLDER_PATH}/Alamofire.framework",
				"${TARGET_BUILD_DIR}/${FRAMEWORKS_FOLDER_PATH}/Kingfisher.framework",
				"${TARGET_BUILD_DIR}/${FRAMEWORKS_FOLDER_PATH}/Moya.framework",
				"${TARGET_BUILD_DIR}/${FRAMEWORKS_FOLDER_PATH}/Result.framework",
				"${TARGET_BUILD_DIR}/${FRAMEWORKS_FOLDER_PATH}/RxCocoa.framework",
				"${TARGET_BUILD_DIR}/${FRAMEWORKS_FOLDER_PATH}/RxRelay.framework",
				"${TARGET_BUILD_DIR}/${FRAMEWORKS_FOLDER_PATH}/RxSwift.framework",
				"${TARGET_BUILD_DIR}/${FRAMEWORKS_FOLDER_PATH}/SnapKit.framework",
			);
			runOnlyForDeploymentPostprocessing = 0;
			shellPath = /bin/sh;
			shellScript = "\"${SRCROOT}/Pods/Target Support Files/Pods-Telephony-Directory/Pods-Telephony-Directory-frameworks.sh\"\n";
			showEnvVarsInLog = 0;
		};
		76CF5A72A441CF27BFE22099 /* [CP] Check Pods Manifest.lock */ = {
			isa = PBXShellScriptBuildPhase;
			buildActionMask = 2147483647;
			files = (
			);
			inputFileListPaths = (
			);
			inputPaths = (
				"${PODS_PODFILE_DIR_PATH}/Podfile.lock",
				"${PODS_ROOT}/Manifest.lock",
			);
			name = "[CP] Check Pods Manifest.lock";
			outputFileListPaths = (
			);
			outputPaths = (
				"$(DERIVED_FILE_DIR)/Pods-Telephony-Directory-checkManifestLockResult.txt",
			);
			runOnlyForDeploymentPostprocessing = 0;
			shellPath = /bin/sh;
			shellScript = "diff \"${PODS_PODFILE_DIR_PATH}/Podfile.lock\" \"${PODS_ROOT}/Manifest.lock\" > /dev/null\nif [ $? != 0 ] ; then\n    # print error to STDERR\n    echo \"error: The sandbox is not in sync with the Podfile.lock. Run 'pod install' or update your CocoaPods installation.\" >&2\n    exit 1\nfi\n# This output is used by Xcode 'outputs' to avoid re-running this script phase.\necho \"SUCCESS\" > \"${SCRIPT_OUTPUT_FILE_0}\"\n";
			showEnvVarsInLog = 0;
		};
		83D73584A3062CD07C5A79A8 /* [CP] Check Pods Manifest.lock */ = {
			isa = PBXShellScriptBuildPhase;
			buildActionMask = 2147483647;
			files = (
			);
			inputFileListPaths = (
			);
			inputPaths = (
				"${PODS_PODFILE_DIR_PATH}/Podfile.lock",
				"${PODS_ROOT}/Manifest.lock",
			);
			name = "[CP] Check Pods Manifest.lock";
			outputFileListPaths = (
			);
			outputPaths = (
				"$(DERIVED_FILE_DIR)/Pods-Telephony-DirectoryUITests-checkManifestLockResult.txt",
			);
			runOnlyForDeploymentPostprocessing = 0;
			shellPath = /bin/sh;
			shellScript = "diff \"${PODS_PODFILE_DIR_PATH}/Podfile.lock\" \"${PODS_ROOT}/Manifest.lock\" > /dev/null\nif [ $? != 0 ] ; then\n    # print error to STDERR\n    echo \"error: The sandbox is not in sync with the Podfile.lock. Run 'pod install' or update your CocoaPods installation.\" >&2\n    exit 1\nfi\n# This output is used by Xcode 'outputs' to avoid re-running this script phase.\necho \"SUCCESS\" > \"${SCRIPT_OUTPUT_FILE_0}\"\n";
			showEnvVarsInLog = 0;
		};
		EA9EB37745FEE34446171ECE /* [CP] Check Pods Manifest.lock */ = {
			isa = PBXShellScriptBuildPhase;
			buildActionMask = 2147483647;
			files = (
			);
			inputFileListPaths = (
			);
			inputPaths = (
				"${PODS_PODFILE_DIR_PATH}/Podfile.lock",
				"${PODS_ROOT}/Manifest.lock",
			);
			name = "[CP] Check Pods Manifest.lock";
			outputFileListPaths = (
			);
			outputPaths = (
				"$(DERIVED_FILE_DIR)/Pods-Telephony-DirectoryTests-checkManifestLockResult.txt",
			);
			runOnlyForDeploymentPostprocessing = 0;
			shellPath = /bin/sh;
			shellScript = "diff \"${PODS_PODFILE_DIR_PATH}/Podfile.lock\" \"${PODS_ROOT}/Manifest.lock\" > /dev/null\nif [ $? != 0 ] ; then\n    # print error to STDERR\n    echo \"error: The sandbox is not in sync with the Podfile.lock. Run 'pod install' or update your CocoaPods installation.\" >&2\n    exit 1\nfi\n# This output is used by Xcode 'outputs' to avoid re-running this script phase.\necho \"SUCCESS\" > \"${SCRIPT_OUTPUT_FILE_0}\"\n";
			showEnvVarsInLog = 0;
		};
/* End PBXShellScriptBuildPhase section */

/* Begin PBXSourcesBuildPhase section */
		AE37F6EE2199A708001787F6 /* Sources */ = {
			isa = PBXSourcesBuildPhase;
			buildActionMask = 2147483647;
			files = (
				AE6E303522E5A70C00EC5DE8 /* ListCellViewModel.swift in Sources */,
				AE84135422E49580006396B2 /* Resource.swift in Sources */,
				AE5FBC1522EDACA700ECC727 /* ListTableViewCell.swift in Sources */,
				AE6E303A22E5C72600EC5DE8 /* ContactApiClient.swift in Sources */,
				AE84135E22E49D1F006396B2 /* ListResourcesViewController.swift in Sources */,
				AE7FDD3322E6E26A00FA5182 /* String+NilIfEmpty.swift in Sources */,
				AE5EC89422EE1E6E0001D6B7 /* DetailViewController.swift in Sources */,
				AE5FBC1822EDB71700ECC727 /* Contact.swift in Sources */,
				AE502E9D22EED0CC00497B16 /* ViewType.swift in Sources */,
				AE1CF94D22EF6EB9001B7105 /* AddTableViewCell.swift in Sources */,
				AE6E303822E5AE7A00EC5DE8 /* ContactApi.swift in Sources */,
				AE5EC89622EE1EA10001D6B7 /* DetailViewModel.swift in Sources */,
				AE84135822E4985E006396B2 /* Outcome.swift in Sources */,
				AE5FBC1122ED96C800ECC727 /* UIImageView+Kingfisher.swift in Sources */,
				AE37F6F62199A708001787F6 /* AppDelegate.swift in Sources */,
				AE84135022E4952D006396B2 /* ListResourcesViewModel.swift in Sources */,
				AE1CF94822EF6C38001B7105 /* AddViewController.swift in Sources */,
				AE6E302A22E59D4200EC5DE8 /* CanModifyResources.swift in Sources */,
				AE84135622E495B2006396B2 /* ResourceCellViewModel.swift in Sources */,
				AE502EA222EED66E00497B16 /* DetailTableViewCell.swift in Sources */,
				AE6E303D22E5C7C000EC5DE8 /* Contacts.swift in Sources */,
				AE84136222E49D75006396B2 /* ErrorView.swift in Sources */,
				AE6E303122E5A62D00EC5DE8 /* ListViewModel.swift in Sources */,
				AE1CF94922EF6C38001B7105 /* AddViewModel.swift in Sources */,
				AE6E302B22E59D4200EC5DE8 /* CanModifyTableView.swift in Sources */,
				AE6E302F22E5A5F600EC5DE8 /* ListViewController.swift in Sources */,
				AE84136322E49D75006396B2 /* LoadingView.swift in Sources */,
			);
			runOnlyForDeploymentPostprocessing = 0;
		};
		AE37F7022199A709001787F6 /* Sources */ = {
			isa = PBXSourcesBuildPhase;
			buildActionMask = 2147483647;
			files = (
				AEA8312B22F06716005B15FA /* AddEditViewModelTests.swift in Sources */,
				AEA8312122F03A70005B15FA /* ContactTests.swift in Sources */,
				AEA8312922F065E9005B15FA /* DetailViewModelTests.swift in Sources */,
				AEA8312422F05BDA005B15FA /* MockContact.swift in Sources */,
				AEA8312722F060A6005B15FA /* ListViewModelTests.swift in Sources */,
				AE37F70B2199A709001787F6 /* Telephony_DirectoryAPITests.swift in Sources */,
			);
			runOnlyForDeploymentPostprocessing = 0;
		};
		AE37F70D2199A709001787F6 /* Sources */ = {
			isa = PBXSourcesBuildPhase;
			buildActionMask = 2147483647;
			files = (
				AEA8312F22F0705A005B15FA /* XCUIApplication+Onboarding.swift in Sources */,
				AEA8312D22F07045005B15FA /* OnboardingUITests.swift in Sources */,
				AE37F7162199A709001787F6 /* Telephony_DirectoryUIITests.swift in Sources */,
			);
			runOnlyForDeploymentPostprocessing = 0;
		};
/* End PBXSourcesBuildPhase section */

/* Begin PBXTargetDependency section */
		AE37F7082199A709001787F6 /* PBXTargetDependency */ = {
			isa = PBXTargetDependency;
			target = AE37F6F12199A708001787F6 /* Telephony-Directory */;
			targetProxy = AE37F7072199A709001787F6 /* PBXContainerItemProxy */;
		};
		AE37F7132199A709001787F6 /* PBXTargetDependency */ = {
			isa = PBXTargetDependency;
			target = AE37F6F12199A708001787F6 /* Telephony-Directory */;
			targetProxy = AE37F7122199A709001787F6 /* PBXContainerItemProxy */;
		};
/* End PBXTargetDependency section */

/* Begin PBXVariantGroup section */
		AE37F6F92199A708001787F6 /* Main.storyboard */ = {
			isa = PBXVariantGroup;
			children = (
				AE37F6FA2199A708001787F6 /* Base */,
			);
			name = Main.storyboard;
			sourceTree = "<group>";
		};
		AE37F6FE2199A709001787F6 /* LaunchScreen.storyboard */ = {
			isa = PBXVariantGroup;
			children = (
				AE37F6FF2199A709001787F6 /* Base */,
			);
			name = LaunchScreen.storyboard;
			sourceTree = "<group>";
		};
/* End PBXVariantGroup section */

/* Begin XCBuildConfiguration section */
		AE37F7182199A709001787F6 /* Debug */ = {
			isa = XCBuildConfiguration;
			buildSettings = {
				ALWAYS_SEARCH_USER_PATHS = NO;
				CLANG_ANALYZER_NONNULL = YES;
				CLANG_ANALYZER_NUMBER_OBJECT_CONVERSION = YES_AGGRESSIVE;
				CLANG_CXX_LANGUAGE_STANDARD = "gnu++14";
				CLANG_CXX_LIBRARY = "libc++";
				CLANG_ENABLE_MODULES = YES;
				CLANG_ENABLE_OBJC_ARC = YES;
				CLANG_ENABLE_OBJC_WEAK = YES;
				CLANG_WARN_BLOCK_CAPTURE_AUTORELEASING = YES;
				CLANG_WARN_BOOL_CONVERSION = YES;
				CLANG_WARN_COMMA = YES;
				CLANG_WARN_CONSTANT_CONVERSION = YES;
				CLANG_WARN_DEPRECATED_OBJC_IMPLEMENTATIONS = YES;
				CLANG_WARN_DIRECT_OBJC_ISA_USAGE = YES_ERROR;
				CLANG_WARN_DOCUMENTATION_COMMENTS = YES;
				CLANG_WARN_EMPTY_BODY = YES;
				CLANG_WARN_ENUM_CONVERSION = YES;
				CLANG_WARN_INFINITE_RECURSION = YES;
				CLANG_WARN_INT_CONVERSION = YES;
				CLANG_WARN_NON_LITERAL_NULL_CONVERSION = YES;
				CLANG_WARN_OBJC_IMPLICIT_RETAIN_SELF = YES;
				CLANG_WARN_OBJC_LITERAL_CONVERSION = YES;
				CLANG_WARN_OBJC_ROOT_CLASS = YES_ERROR;
				CLANG_WARN_RANGE_LOOP_ANALYSIS = YES;
				CLANG_WARN_STRICT_PROTOTYPES = YES;
				CLANG_WARN_SUSPICIOUS_MOVE = YES;
				CLANG_WARN_UNGUARDED_AVAILABILITY = YES_AGGRESSIVE;
				CLANG_WARN_UNREACHABLE_CODE = YES;
				CLANG_WARN__DUPLICATE_METHOD_MATCH = YES;
				CODE_SIGN_IDENTITY = "iPhone Developer";
				COPY_PHASE_STRIP = NO;
				DEBUG_INFORMATION_FORMAT = dwarf;
				ENABLE_STRICT_OBJC_MSGSEND = YES;
				ENABLE_TESTABILITY = YES;
				GCC_C_LANGUAGE_STANDARD = gnu11;
				GCC_DYNAMIC_NO_PIC = NO;
				GCC_NO_COMMON_BLOCKS = YES;
				GCC_OPTIMIZATION_LEVEL = 0;
				GCC_PREPROCESSOR_DEFINITIONS = (
					"DEBUG=1",
					"$(inherited)",
				);
				GCC_WARN_64_TO_32_BIT_CONVERSION = YES;
				GCC_WARN_ABOUT_RETURN_TYPE = YES_ERROR;
				GCC_WARN_UNDECLARED_SELECTOR = YES;
				GCC_WARN_UNINITIALIZED_AUTOS = YES_AGGRESSIVE;
				GCC_WARN_UNUSED_FUNCTION = YES;
				GCC_WARN_UNUSED_VARIABLE = YES;
				IPHONEOS_DEPLOYMENT_TARGET = 11.0;
				MTL_ENABLE_DEBUG_INFO = INCLUDE_SOURCE;
				MTL_FAST_MATH = YES;
				ONLY_ACTIVE_ARCH = YES;
				SDKROOT = iphoneos;
				SWIFT_ACTIVE_COMPILATION_CONDITIONS = DEBUG;
				SWIFT_OPTIMIZATION_LEVEL = "-Onone";
			};
			name = Debug;
		};
		AE37F7192199A709001787F6 /* Release */ = {
			isa = XCBuildConfiguration;
			buildSettings = {
				ALWAYS_SEARCH_USER_PATHS = NO;
				CLANG_ANALYZER_NONNULL = YES;
				CLANG_ANALYZER_NUMBER_OBJECT_CONVERSION = YES_AGGRESSIVE;
				CLANG_CXX_LANGUAGE_STANDARD = "gnu++14";
				CLANG_CXX_LIBRARY = "libc++";
				CLANG_ENABLE_MODULES = YES;
				CLANG_ENABLE_OBJC_ARC = YES;
				CLANG_ENABLE_OBJC_WEAK = YES;
				CLANG_WARN_BLOCK_CAPTURE_AUTORELEASING = YES;
				CLANG_WARN_BOOL_CONVERSION = YES;
				CLANG_WARN_COMMA = YES;
				CLANG_WARN_CONSTANT_CONVERSION = YES;
				CLANG_WARN_DEPRECATED_OBJC_IMPLEMENTATIONS = YES;
				CLANG_WARN_DIRECT_OBJC_ISA_USAGE = YES_ERROR;
				CLANG_WARN_DOCUMENTATION_COMMENTS = YES;
				CLANG_WARN_EMPTY_BODY = YES;
				CLANG_WARN_ENUM_CONVERSION = YES;
				CLANG_WARN_INFINITE_RECURSION = YES;
				CLANG_WARN_INT_CONVERSION = YES;
				CLANG_WARN_NON_LITERAL_NULL_CONVERSION = YES;
				CLANG_WARN_OBJC_IMPLICIT_RETAIN_SELF = YES;
				CLANG_WARN_OBJC_LITERAL_CONVERSION = YES;
				CLANG_WARN_OBJC_ROOT_CLASS = YES_ERROR;
				CLANG_WARN_RANGE_LOOP_ANALYSIS = YES;
				CLANG_WARN_STRICT_PROTOTYPES = YES;
				CLANG_WARN_SUSPICIOUS_MOVE = YES;
				CLANG_WARN_UNGUARDED_AVAILABILITY = YES_AGGRESSIVE;
				CLANG_WARN_UNREACHABLE_CODE = YES;
				CLANG_WARN__DUPLICATE_METHOD_MATCH = YES;
				CODE_SIGN_IDENTITY = "iPhone Developer";
				COPY_PHASE_STRIP = NO;
				DEBUG_INFORMATION_FORMAT = "dwarf-with-dsym";
				ENABLE_NS_ASSERTIONS = NO;
				ENABLE_STRICT_OBJC_MSGSEND = YES;
				GCC_C_LANGUAGE_STANDARD = gnu11;
				GCC_NO_COMMON_BLOCKS = YES;
				GCC_WARN_64_TO_32_BIT_CONVERSION = YES;
				GCC_WARN_ABOUT_RETURN_TYPE = YES_ERROR;
				GCC_WARN_UNDECLARED_SELECTOR = YES;
				GCC_WARN_UNINITIALIZED_AUTOS = YES_AGGRESSIVE;
				GCC_WARN_UNUSED_FUNCTION = YES;
				GCC_WARN_UNUSED_VARIABLE = YES;
				IPHONEOS_DEPLOYMENT_TARGET = 11.0;
				MTL_ENABLE_DEBUG_INFO = NO;
				MTL_FAST_MATH = YES;
				SDKROOT = iphoneos;
				SWIFT_COMPILATION_MODE = wholemodule;
				SWIFT_OPTIMIZATION_LEVEL = "-O";
				VALIDATE_PRODUCT = YES;
			};
			name = Release;
		};
		AE37F71B2199A709001787F6 /* Debug */ = {
			isa = XCBuildConfiguration;
			baseConfigurationReference = 52E27D8C0725DB8803470F99 /* Pods-Telephony-Directory.debug.xcconfig */;
			buildSettings = {
				ASSETCATALOG_COMPILER_APPICON_NAME = AppIcon;
				CODE_SIGN_STYLE = Automatic;
				DEVELOPMENT_TEAM = GCPD9P9Q37;
				INFOPLIST_FILE = "Telephony-Directory/Info.plist";
				IPHONEOS_DEPLOYMENT_TARGET = 11.0;
				LD_RUNPATH_SEARCH_PATHS = (
					"$(inherited)",
					"@executable_path/Frameworks",
				);
				PRODUCT_BUNDLE_IDENTIFIER = com.sample.ios;
				PRODUCT_NAME = "$(TARGET_NAME)";
				SWIFT_VERSION = 5.0;
				TARGETED_DEVICE_FAMILY = "1,2";
			};
			name = Debug;
		};
		AE37F71C2199A709001787F6 /* Release */ = {
			isa = XCBuildConfiguration;
			baseConfigurationReference = F7F954C18D9BBB9730543D35 /* Pods-Telephony-Directory.release.xcconfig */;
			buildSettings = {
				ASSETCATALOG_COMPILER_APPICON_NAME = AppIcon;
				CODE_SIGN_STYLE = Automatic;
				DEVELOPMENT_TEAM = GCPD9P9Q37;
				INFOPLIST_FILE = "Telephony-Directory/Info.plist";
				IPHONEOS_DEPLOYMENT_TARGET = 11.0;
				LD_RUNPATH_SEARCH_PATHS = (
					"$(inherited)",
					"@executable_path/Frameworks",
				);
				PRODUCT_BUNDLE_IDENTIFIER = com.sample.ios;
				PRODUCT_NAME = "$(TARGET_NAME)";
				SWIFT_VERSION = 5.0;
				TARGETED_DEVICE_FAMILY = "1,2";
			};
			name = Release;
		};
		AE37F71E2199A709001787F6 /* Debug */ = {
			isa = XCBuildConfiguration;
			baseConfigurationReference = B032160A2B1EC4B4C9E3BEB9 /* Pods-Telephony-DirectoryTests.debug.xcconfig */;
			buildSettings = {
				ALWAYS_EMBED_SWIFT_STANDARD_LIBRARIES = YES;
				BUNDLE_LOADER = "$(TEST_HOST)";
				CODE_SIGN_STYLE = Automatic;
				INFOPLIST_FILE = "Telephony-Directory/Info.plist";
				LD_RUNPATH_SEARCH_PATHS = (
					"$(inherited)",
					"@executable_path/Frameworks",
					"@loader_path/Frameworks",
				);
				PRODUCT_BUNDLE_IDENTIFIER = ratzr15.NewsListTests;
				PRODUCT_NAME = "$(TARGET_NAME)";
				SWIFT_VERSION = 5.0;
				TARGETED_DEVICE_FAMILY = "1,2";
				TEST_HOST = "$(BUILT_PRODUCTS_DIR)/Telephony-Directory.app/Telephony-Directory";
			};
			name = Debug;
		};
		AE37F71F2199A709001787F6 /* Release */ = {
			isa = XCBuildConfiguration;
			baseConfigurationReference = 7EA62878645CA04C1D6D20B0 /* Pods-Telephony-DirectoryTests.release.xcconfig */;
			buildSettings = {
				ALWAYS_EMBED_SWIFT_STANDARD_LIBRARIES = YES;
				BUNDLE_LOADER = "$(TEST_HOST)";
				CODE_SIGN_STYLE = Automatic;
				INFOPLIST_FILE = "Telephony-Directory/Info.plist";
				LD_RUNPATH_SEARCH_PATHS = (
					"$(inherited)",
					"@executable_path/Frameworks",
					"@loader_path/Frameworks",
				);
				PRODUCT_BUNDLE_IDENTIFIER = ratzr15.NewsListTests;
				PRODUCT_NAME = "$(TARGET_NAME)";
				SWIFT_VERSION = 5.0;
				TARGETED_DEVICE_FAMILY = "1,2";
				TEST_HOST = "$(BUILT_PRODUCTS_DIR)/Telephony-Directory.app/Telephony-Directory";
			};
			name = Release;
		};
		AE37F7212199A709001787F6 /* Debug */ = {
			isa = XCBuildConfiguration;
			baseConfigurationReference = 9D2A8D922892F811EE0A491F /* Pods-Telephony-DirectoryUITests.debug.xcconfig */;
			buildSettings = {
				ALWAYS_EMBED_SWIFT_STANDARD_LIBRARIES = YES;
				CODE_SIGN_STYLE = Automatic;
				INFOPLIST_FILE = "Telephony-Directory/Info.plist";
				LD_RUNPATH_SEARCH_PATHS = (
					"$(inherited)",
					"@executable_path/Frameworks",
					"@loader_path/Frameworks",
				);
				PRODUCT_BUNDLE_IDENTIFIER = ratzr15.NewsListUITests;
				PRODUCT_NAME = "$(TARGET_NAME)";
				PROVISIONING_PROFILE = "";
				SWIFT_VERSION = 5.0;
				TARGETED_DEVICE_FAMILY = "1,2";
				TEST_TARGET_NAME = "Telephony-Directory";
			};
			name = Debug;
		};
		AE37F7222199A709001787F6 /* Release */ = {
			isa = XCBuildConfiguration;
			baseConfigurationReference = 596CCDCEC0B95CE876766808 /* Pods-Telephony-DirectoryUITests.release.xcconfig */;
			buildSettings = {
				ALWAYS_EMBED_SWIFT_STANDARD_LIBRARIES = YES;
				CODE_SIGN_STYLE = Automatic;
				INFOPLIST_FILE = "Telephony-Directory/Info.plist";
				LD_RUNPATH_SEARCH_PATHS = (
					"$(inherited)",
					"@executable_path/Frameworks",
					"@loader_path/Frameworks",
				);
				PRODUCT_BUNDLE_IDENTIFIER = ratzr15.NewsListUITests;
				PRODUCT_NAME = "$(TARGET_NAME)";
				PROVISIONING_PROFILE = "";
				SWIFT_VERSION = 5.0;
				TARGETED_DEVICE_FAMILY = "1,2";
				TEST_TARGET_NAME = "Telephony-Directory";
			};
			name = Release;
		};
/* End XCBuildConfiguration section */

/* Begin XCConfigurationList section */
		AE37F6ED2199A708001787F6 /* Build configuration list for PBXProject "Telephony-Directory" */ = {
			isa = XCConfigurationList;
			buildConfigurations = (
				AE37F7182199A709001787F6 /* Debug */,
				AE37F7192199A709001787F6 /* Release */,
			);
			defaultConfigurationIsVisible = 0;
			defaultConfigurationName = Release;
		};
		AE37F71A2199A709001787F6 /* Build configuration list for PBXNativeTarget "Telephony-Directory" */ = {
			isa = XCConfigurationList;
			buildConfigurations = (
				AE37F71B2199A709001787F6 /* Debug */,
				AE37F71C2199A709001787F6 /* Release */,
			);
			defaultConfigurationIsVisible = 0;
			defaultConfigurationName = Release;
		};
		AE37F71D2199A709001787F6 /* Build configuration list for PBXNativeTarget "Telephony-DirectoryTests" */ = {
			isa = XCConfigurationList;
			buildConfigurations = (
				AE37F71E2199A709001787F6 /* Debug */,
				AE37F71F2199A709001787F6 /* Release */,
			);
			defaultConfigurationIsVisible = 0;
			defaultConfigurationName = Release;
		};
		AE37F7202199A709001787F6 /* Build configuration list for PBXNativeTarget "Telephony-DirectoryUITests" */ = {
			isa = XCConfigurationList;
			buildConfigurations = (
				AE37F7212199A709001787F6 /* Debug */,
				AE37F7222199A709001787F6 /* Release */,
			);
			defaultConfigurationIsVisible = 0;
			defaultConfigurationName = Release;
		};
/* End XCConfigurationList section */
	};
	rootObject = AE37F6EA2199A708001787F6 /* Project object */;
}
